
Microsoft Visual Studio Solution File, Format Version 12.00
# Visual Studio Version 16
VisualStudioVersion = 16.0.31911.196
MinimumVisualStudioVersion = 10.0.40219.1
Project("{FAE04EC0-301F-11D3-BF4B-00C04F79EFBC}") = "ExportTryOut", "ExportTryOut.csproj", "{D237DE22-5042-429B-BFE5-7CA43FA09A24}"
EndProject
Global
	GlobalSection(SolutionConfigurationPlatforms) = preSolution
		Debug|Any CPU = Debug|Any CPU
		Release|Any CPU = Release|Any CPU
	EndGlobalSection
	GlobalSection(ProjectConfigurationPlatforms) = postSolution
		{D237DE22-5042-429B-BFE5-7CA43FA09A24}.Debug|Any CPU.ActiveCfg = Debug|Any CPU
		{D237DE22-5042-429B-BFE5-7CA43FA09A24}.Debug|Any CPU.Build.0 = Debug|Any CPU
		{D237DE22-5042-429B-BFE5-7CA43FA09A24}.Release|Any CPU.ActiveCfg = Release|Any CPU
		{D237DE22-5042-429B-BFE5-7CA43FA09A24}.Release|Any CPU.Build.0 = Release|Any CPU
	EndGlobalSection
	GlobalSection(SolutionProperties) = preSolution
		HideSolutionNode = FALSE
	EndGlobalSection
	GlobalSection(ExtensibilityGlobals) = postSolution
		SolutionGuid = {CA4030C6-A900-4C2E-BCD0-829C0C820D71}
	EndGlobalSection
EndGlobal
